{
  "name": "gif_saver",
  "version": "1.0.0",
  "lockfileVersion": 3,
  "requires": true,
  "packages": {
    "": {
      "name": "gif_saver",
      "version": "1.0.0",
      "license": "ISC",
      "dependencies": {
        "@hazae41/base64.wasm": "^1.0.12"
      }
    },
    "node_modules/@hazae41/base64.wasm": {
      "version": "1.0.12",
      "resolved": "https://registry.npmjs.org/@hazae41/base64.wasm/-/base64.wasm-1.0.12.tgz",
      "integrity": "sha512-UPApu4C5J3BQVuDyrfYvhC3qQr9GCZkoTjzO/WAcg1LsBQPw+G7iPhwDjmdu8CS1j3P+HastoujenVqfghMbSw==",
      "license": "Unlicense",
      "peerDependencies": {
        "@hazae41/memory.wasm": "^1.0.27"
      }
    },
    "node_modules/@hazae41/memory.wasm": {
      "version": "1.0.37",
      "resolved": "https://registry.npmjs.org/@hazae41/memory.wasm/-/memory.wasm-1.0.37.tgz",
      "integrity": "sha512-WP+SRckje//RkeHRJZ3OWSPqPUPwzDb+5XH76/1WzSC3kfhwt0CQsf4pX/2Z86WtDAlgJg1d0VOxQfs2uI2m9Q==",
      "deprecated": "Please use @hazae41/memory-wasm (with a hyphen instead of a dot)",
      "peer": true
    }
  }
}
